
Microsoft Visual Studio Solution File, Format Version 12.00
# Visual Studio Version 16
VisualStudioVersion = 16.0.29306.81
MinimumVisualStudioVersion = 10.0.40219.1
Project("{FAE04EC0-301F-11D3-BF4B-00C04F79EFBC}") = "CopyListWithRandomPointers", "CopyListWithRandomPointers\CopyListWithRandomPointers.csproj", "{0EC051C1-3346-46A8-941B-F994D3DC8736}"
EndProject
Global
	GlobalSection(SolutionConfigurationPlatforms) = preSolution
		Debug|Any CPU = Debug|Any CPU
		Release|Any CPU = Release|Any CPU
	EndGlobalSection
	GlobalSection(ProjectConfigurationPlatforms) = postSolution
		{0EC051C1-3346-46A8-941B-F994D3DC8736}.Debug|Any CPU.ActiveCfg = Debug|Any CPU
		{0EC051C1-3346-46A8-941B-F994D3DC8736}.Debug|Any CPU.Build.0 = Debug|Any CPU
		{0EC051C1-3346-46A8-941B-F994D3DC8736}.Release|Any CPU.ActiveCfg = Release|Any CPU
		{0EC051C1-3346-46A8-941B-F994D3DC8736}.Release|Any CPU.Build.0 = Release|Any CPU
	EndGlobalSection
	GlobalSection(SolutionProperties) = preSolution
		HideSolutionNode = FALSE
	EndGlobalSection
	GlobalSection(ExtensibilityGlobals) = postSolution
		SolutionGuid = {BA2F8AA3-827A-4E54-ACE7-2A67C11FABF9}
	EndGlobalSection
EndGlobal
